
Microsoft Visual Studio Solution File, Format Version 12.00
# Visual Studio Version 17
VisualStudioVersion = 17.0.31903.59
MinimumVisualStudioVersion = 10.0.40219.1
Project("{FAE04EC0-301F-11D3-BF4B-00C04F79EFBC}") = "BackupTool", "BackupTool\BackupTool.csproj", "{1E0B6256-CE04-4C9C-AFB3-B13A85E5ECF6}"
EndProject
Project("{FAE04EC0-301F-11D3-BF4B-00C04F79EFBC}") = "BackupTool.Tests", "BackupTool.Tests\BackupTool.Tests.csproj", "{4F3CFCF7-3825-4BC1-9271-CD22E1BB76AD}"
EndProject
Global
	GlobalSection(SolutionConfigurationPlatforms) = preSolution
		Debug|Any CPU = Debug|Any CPU
		Debug|x64 = Debug|x64
		Debug|x86 = Debug|x86
		Release|Any CPU = Release|Any CPU
		Release|x64 = Release|x64
		Release|x86 = Release|x86
	EndGlobalSection
	GlobalSection(ProjectConfigurationPlatforms) = postSolution
		{1E0B6256-CE04-4C9C-AFB3-B13A85E5ECF6}.Debug|Any CPU.ActiveCfg = Debug|Any CPU
		{1E0B6256-CE04-4C9C-AFB3-B13A85E5ECF6}.Debug|Any CPU.Build.0 = Debug|Any CPU
		{1E0B6256-CE04-4C9C-AFB3-B13A85E5ECF6}.Debug|x64.ActiveCfg = Debug|Any CPU
		{1E0B6256-CE04-4C9C-AFB3-B13A85E5ECF6}.Debug|x64.Build.0 = Debug|Any CPU
		{1E0B6256-CE04-4C9C-AFB3-B13A85E5ECF6}.Debug|x86.ActiveCfg = Debug|Any CPU
		{1E0B6256-CE04-4C9C-AFB3-B13A85E5ECF6}.Debug|x86.Build.0 = Debug|Any CPU
		{1E0B6256-CE04-4C9C-AFB3-B13A85E5ECF6}.Release|Any CPU.ActiveCfg = Release|Any CPU
		{1E0B6256-CE04-4C9C-AFB3-B13A85E5ECF6}.Release|Any CPU.Build.0 = Release|Any CPU
		{1E0B6256-CE04-4C9C-AFB3-B13A85E5ECF6}.Release|x64.ActiveCfg = Release|Any CPU
		{1E0B6256-CE04-4C9C-AFB3-B13A85E5ECF6}.Release|x64.Build.0 = Release|Any CPU
		{1E0B6256-CE04-4C9C-AFB3-B13A85E5ECF6}.Release|x86.ActiveCfg = Release|Any CPU
		{1E0B6256-CE04-4C9C-AFB3-B13A85E5ECF6}.Release|x86.Build.0 = Release|Any CPU
		{4F3CFCF7-3825-4BC1-9271-CD22E1BB76AD}.Debug|Any CPU.ActiveCfg = Debug|Any CPU
		{4F3CFCF7-3825-4BC1-9271-CD22E1BB76AD}.Debug|Any CPU.Build.0 = Debug|Any CPU
		{4F3CFCF7-3825-4BC1-9271-CD22E1BB76AD}.Debug|x64.ActiveCfg = Debug|Any CPU
		{4F3CFCF7-3825-4BC1-9271-CD22E1BB76AD}.Debug|x64.Build.0 = Debug|Any CPU
		{4F3CFCF7-3825-4BC1-9271-CD22E1BB76AD}.Debug|x86.ActiveCfg = Debug|Any CPU
		{4F3CFCF7-3825-4BC1-9271-CD22E1BB76AD}.Debug|x86.Build.0 = Debug|Any CPU
		{4F3CFCF7-3825-4BC1-9271-CD22E1BB76AD}.Release|Any CPU.ActiveCfg = Release|Any CPU
		{4F3CFCF7-3825-4BC1-9271-CD22E1BB76AD}.Release|Any CPU.Build.0 = Release|Any CPU
		{4F3CFCF7-3825-4BC1-9271-CD22E1BB76AD}.Release|x64.ActiveCfg = Release|Any CPU
		{4F3CFCF7-3825-4BC1-9271-CD22E1BB76AD}.Release|x64.Build.0 = Release|Any CPU
		{4F3CFCF7-3825-4BC1-9271-CD22E1BB76AD}.Release|x86.ActiveCfg = Release|Any CPU
		{4F3CFCF7-3825-4BC1-9271-CD22E1BB76AD}.Release|x86.Build.0 = Release|Any CPU
	EndGlobalSection
	GlobalSection(SolutionProperties) = preSolution
		HideSolutionNode = FALSE
	EndGlobalSection
EndGlobal
